
Microsoft Visual Studio Solution File, Format Version 12.00
# Visual Studio Version 16
VisualStudioVersion = 16.0.30503.244
MinimumVisualStudioVersion = 10.0.40219.1
Project("{2150E333-8FDC-42A3-9474-1A3956D46DE8}") = "Services", "Services", "{AFD81FA1-54A9-40FE-B1C2-B366AAD6772F}"
EndProject
Project("{2150E333-8FDC-42A3-9474-1A3956D46DE8}") = "Event.Service", "Event.Service", "{7418C06D-B630-4468-A6D8-00DE77738774}"
EndProject
Project("{2150E333-8FDC-42A3-9474-1A3956D46DE8}") = "Web", "Web", "{461D24B2-9A39-4FA4-A46E-378C20DA9AFF}"
EndProject
Project("{9A19103F-16F7-4668-BE54-9A1E7A4F7556}") = "Event.Application", "src\Services\Event.Service\Event.Application\Event.Application.csproj", "{1D82A5CD-3ECF-42FA-B79A-601C3EF515E4}"
EndProject
Project("{9A19103F-16F7-4668-BE54-9A1E7A4F7556}") = "Event.Infrastructure", "src\Services\Event.Service\Event.Infrastructure\Event.Infrastructure.csproj", "{01905ACE-471B-49FB-86C8-914D4CB91191}"
EndProject
Project("{9A19103F-16F7-4668-BE54-9A1E7A4F7556}") = "Event.Domain", "src\Services\Event.Service\Event.Domain\Event.Domain.csproj", "{64863A00-E823-4A24-921C-23BEBE30B70C}"
EndProject
Project("{2150E333-8FDC-42A3-9474-1A3956D46DE8}") = "Solution Items", "Solution Items", "{9C3791F6-9AA0-4C3F-B005-F8D63891B05B}"
	ProjectSection(SolutionItems) = preProject
		.editorconfig = .editorconfig
	EndProjectSection
EndProject
Project("{9A19103F-16F7-4668-BE54-9A1E7A4F7556}") = "Event.GraphQL", "src\Services\Event.Service\Event.GraphQL\Event.GraphQL.csproj", "{9D144275-5F8C-434D-A096-6659FCB21553}"
EndProject
Project("{2150E333-8FDC-42A3-9474-1A3956D46DE8}") = "Profile.Service", "Profile.Service", "{C4A95807-56DD-4827-9B29-2DF44B71646E}"
EndProject
Project("{9A19103F-16F7-4668-BE54-9A1E7A4F7556}") = "Profile.Application", "src\Services\Profile.Service\Profile.Application\Profile.Application.csproj", "{B82450D0-70DC-40FC-85C1-4057E91F0684}"
EndProject
Project("{9A19103F-16F7-4668-BE54-9A1E7A4F7556}") = "Profile.Domain", "src\Services\Profile.Service\Profile.Domain\Profile.Domain.csproj", "{B6584EBA-3813-4223-9705-372C74D2E7CF}"
EndProject
Project("{9A19103F-16F7-4668-BE54-9A1E7A4F7556}") = "Profile.Infrastructure", "src\Services\Profile.Service\Profile.Infrastructure\Profile.Infrastructure.csproj", "{640330E4-9D2F-4FC4-AAC3-014688B25BDF}"
EndProject
Project("{9A19103F-16F7-4668-BE54-9A1E7A4F7556}") = "Profile.GraphQL", "src\Services\Profile.Service\Profile.GraphQL\Profile.GraphQL.csproj", "{9DA698B0-AF74-49A5-8B6E-5A810ABA6DCB}"
EndProject
Project("{2150E333-8FDC-42A3-9474-1A3956D46DE8}") = "BuildingBlocks", "BuildingBlocks", "{EE7B01C8-BD5B-40F9-B4BE-93B62C8136AC}"
EndProject
Project("{9A19103F-16F7-4668-BE54-9A1E7A4F7556}") = "Common", "src\BuildingBlocks\Common\Common.csproj", "{2D48E9E1-6EC1-425C-95BE-C3D74FC0074D}"
EndProject
Project("{2150E333-8FDC-42A3-9474-1A3956D46DE8}") = "Auth.Service", "Auth.Service", "{41ACA53C-3692-4FF7-A15D-4F4FDEA62F3E}"
EndProject
Project("{9A19103F-16F7-4668-BE54-9A1E7A4F7556}") = "Auth.IdentityServer.Oidc.Web", "src\Services\Auth.Service\Auth.IdentityServer.Oidc.Web\Auth.IdentityServer.Oidc.Web.csproj", "{8C5983AA-811D-4EA8-A55F-E1E956E16946}"
EndProject
Project("{2150E333-8FDC-42A3-9474-1A3956D46DE8}") = "WatchDog.Service", "WatchDog.Service", "{942E349B-6401-441B-8CBE-DCCEB1238EF5}"
EndProject
Project("{9A19103F-16F7-4668-BE54-9A1E7A4F7556}") = "WatchDog.Web", "src\Services\WatchDog.Service\WatchDog.Web\WatchDog.Web.csproj", "{7CDE9333-5585-471C-9566-222AC5053F37}"
EndProject
Project("{9A19103F-16F7-4668-BE54-9A1E7A4F7556}") = "EventBus", "src\BuildingBlocks\EventBus\EventBus.csproj", "{0E8D7FDF-68E1-4C9A-BEDC-5228EF254EF7}"
EndProject
Project("{2150E333-8FDC-42A3-9474-1A3956D46DE8}") = "PushNotification.Service", "PushNotification.Service", "{9DE631C8-DCF1-494C-9EEA-7F1D87B2B226}"
EndProject
Project("{9A19103F-16F7-4668-BE54-9A1E7A4F7556}") = "PushNotification.SignalR", "src\Services\PushNotification.Service\PushNotification.SignalR\PushNotification.SignalR.csproj", "{62CE25E4-2970-4A43-B020-BE15235604E9}"
EndProject
Project("{2150E333-8FDC-42A3-9474-1A3956D46DE8}") = "EventRegistration.Service", "EventRegistration.Service", "{D85BD0F9-E429-41D3-B540-0CA086FAAF59}"
EndProject
Project("{9A19103F-16F7-4668-BE54-9A1E7A4F7556}") = "EventRegistration.Domain", "src\Services\EventRegistration.Service\EventRegistration.Domain\EventRegistration.Domain.csproj", "{992BD4FD-B6C0-4000-9A0A-16033C32211A}"
EndProject
Project("{9A19103F-16F7-4668-BE54-9A1E7A4F7556}") = "EventRegistration.Application", "src\Services\EventRegistration.Service\EventRegistration.Application\EventRegistration.Application.csproj", "{5703EF06-8F62-4D34-8179-A54DC0C4CF0F}"
EndProject
Project("{9A19103F-16F7-4668-BE54-9A1E7A4F7556}") = "EventRegistration.Infrastructure", "src\Services\EventRegistration.Service\EventRegistration.Infrastructure\EventRegistration.Infrastructure.csproj", "{2192DDCE-2E0C-4900-985E-B8881CB75219}"
EndProject
Project("{9A19103F-16F7-4668-BE54-9A1E7A4F7556}") = "EventRegistration.GraphQL", "src\Services\EventRegistration.Service\EventRegistration.GraphQL\EventRegistration.GraphQL.csproj", "{7A133D64-2F66-4524-AA11-17B931DA82D0}"
EndProject
Project("{9A19103F-16F7-4668-BE54-9A1E7A4F7556}") = "PushNotification.Domain", "src\Services\PushNotification.Service\PushNotification.Domain\PushNotification.Domain.csproj", "{00A6E640-9377-4E64-B72A-7897C208C014}"
EndProject
Project("{9A19103F-16F7-4668-BE54-9A1E7A4F7556}") = "PushNotification.Infrastructure", "src\Services\PushNotification.Service\PushNotification.Infrastructure\PushNotification.Infrastructure.csproj", "{84D3F147-7CA7-4023-8739-3F2E76849668}"
EndProject
Project("{9A19103F-16F7-4668-BE54-9A1E7A4F7556}") = "PushNotification.Application", "src\Services\PushNotification.Service\PushNotification.Application\PushNotification.Application.csproj", "{F5336216-78C6-4137-95DB-BD1696D2FC5B}"
EndProject
Project("{9A19103F-16F7-4668-BE54-9A1E7A4F7556}") = "AdminApp.BlazorWasm", "src\Web\AdminApp.BlazorWasm\AdminApp.BlazorWasm.csproj", "{D7C38764-7AF8-45F0-ADA2-5F2579342039}"
EndProject
Project("{9A19103F-16F7-4668-BE54-9A1E7A4F7556}") = "PublicApp.BlazorWasm", "src\Web\PublicApp.BlazorWasm\PublicApp.BlazorWasm.csproj", "{AF57D7A4-301B-499D-A3EC-E8CE9030848A}"
EndProject
Global
	GlobalSection(SolutionConfigurationPlatforms) = preSolution
		Debug|Any CPU = Debug|Any CPU
		Release|Any CPU = Release|Any CPU
	EndGlobalSection
	GlobalSection(ProjectConfigurationPlatforms) = postSolution
		{1D82A5CD-3ECF-42FA-B79A-601C3EF515E4}.Debug|Any CPU.ActiveCfg = Debug|Any CPU
		{1D82A5CD-3ECF-42FA-B79A-601C3EF515E4}.Debug|Any CPU.Build.0 = Debug|Any CPU
		{1D82A5CD-3ECF-42FA-B79A-601C3EF515E4}.Release|Any CPU.ActiveCfg = Release|Any CPU
		{1D82A5CD-3ECF-42FA-B79A-601C3EF515E4}.Release|Any CPU.Build.0 = Release|Any CPU
		{01905ACE-471B-49FB-86C8-914D4CB91191}.Debug|Any CPU.ActiveCfg = Debug|Any CPU
		{01905ACE-471B-49FB-86C8-914D4CB91191}.Debug|Any CPU.Build.0 = Debug|Any CPU
		{01905ACE-471B-49FB-86C8-914D4CB91191}.Release|Any CPU.ActiveCfg = Release|Any CPU
		{01905ACE-471B-49FB-86C8-914D4CB91191}.Release|Any CPU.Build.0 = Release|Any CPU
		{64863A00-E823-4A24-921C-23BEBE30B70C}.Debug|Any CPU.ActiveCfg = Debug|Any CPU
		{64863A00-E823-4A24-921C-23BEBE30B70C}.Debug|Any CPU.Build.0 = Debug|Any CPU
		{64863A00-E823-4A24-921C-23BEBE30B70C}.Release|Any CPU.ActiveCfg = Release|Any CPU
		{64863A00-E823-4A24-921C-23BEBE30B70C}.Release|Any CPU.Build.0 = Release|Any CPU
		{9D144275-5F8C-434D-A096-6659FCB21553}.Debug|Any CPU.ActiveCfg = Debug|Any CPU
		{9D144275-5F8C-434D-A096-6659FCB21553}.Debug|Any CPU.Build.0 = Debug|Any CPU
		{9D144275-5F8C-434D-A096-6659FCB21553}.Release|Any CPU.ActiveCfg = Release|Any CPU
		{9D144275-5F8C-434D-A096-6659FCB21553}.Release|Any CPU.Build.0 = Release|Any CPU
		{B82450D0-70DC-40FC-85C1-4057E91F0684}.Debug|Any CPU.ActiveCfg = Debug|Any CPU
		{B82450D0-70DC-40FC-85C1-4057E91F0684}.Debug|Any CPU.Build.0 = Debug|Any CPU
		{B82450D0-70DC-40FC-85C1-4057E91F0684}.Release|Any CPU.ActiveCfg = Release|Any CPU
		{B82450D0-70DC-40FC-85C1-4057E91F0684}.Release|Any CPU.Build.0 = Release|Any CPU
		{B6584EBA-3813-4223-9705-372C74D2E7CF}.Debug|Any CPU.ActiveCfg = Debug|Any CPU
		{B6584EBA-3813-4223-9705-372C74D2E7CF}.Debug|Any CPU.Build.0 = Debug|Any CPU
		{B6584EBA-3813-4223-9705-372C74D2E7CF}.Release|Any CPU.ActiveCfg = Release|Any CPU
		{B6584EBA-3813-4223-9705-372C74D2E7CF}.Release|Any CPU.Build.0 = Release|Any CPU
		{640330E4-9D2F-4FC4-AAC3-014688B25BDF}.Debug|Any CPU.ActiveCfg = Debug|Any CPU
		{640330E4-9D2F-4FC4-AAC3-014688B25BDF}.Debug|Any CPU.Build.0 = Debug|Any CPU
		{640330E4-9D2F-4FC4-AAC3-014688B25BDF}.Release|Any CPU.ActiveCfg = Release|Any CPU
		{640330E4-9D2F-4FC4-AAC3-014688B25BDF}.Release|Any CPU.Build.0 = Release|Any CPU
		{9DA698B0-AF74-49A5-8B6E-5A810ABA6DCB}.Debug|Any CPU.ActiveCfg = Debug|Any CPU
		{9DA698B0-AF74-49A5-8B6E-5A810ABA6DCB}.Debug|Any CPU.Build.0 = Debug|Any CPU
		{9DA698B0-AF74-49A5-8B6E-5A810ABA6DCB}.Release|Any CPU.ActiveCfg = Release|Any CPU
		{9DA698B0-AF74-49A5-8B6E-5A810ABA6DCB}.Release|Any CPU.Build.0 = Release|Any CPU
		{2D48E9E1-6EC1-425C-95BE-C3D74FC0074D}.Debug|Any CPU.ActiveCfg = Debug|Any CPU
		{2D48E9E1-6EC1-425C-95BE-C3D74FC0074D}.Debug|Any CPU.Build.0 = Debug|Any CPU
		{2D48E9E1-6EC1-425C-95BE-C3D74FC0074D}.Release|Any CPU.ActiveCfg = Release|Any CPU
		{2D48E9E1-6EC1-425C-95BE-C3D74FC0074D}.Release|Any CPU.Build.0 = Release|Any CPU
		{8C5983AA-811D-4EA8-A55F-E1E956E16946}.Debug|Any CPU.ActiveCfg = Debug|Any CPU
		{8C5983AA-811D-4EA8-A55F-E1E956E16946}.Debug|Any CPU.Build.0 = Debug|Any CPU
		{8C5983AA-811D-4EA8-A55F-E1E956E16946}.Release|Any CPU.ActiveCfg = Release|Any CPU
		{8C5983AA-811D-4EA8-A55F-E1E956E16946}.Release|Any CPU.Build.0 = Release|Any CPU
		{7CDE9333-5585-471C-9566-222AC5053F37}.Debug|Any CPU.ActiveCfg = Debug|Any CPU
		{7CDE9333-5585-471C-9566-222AC5053F37}.Debug|Any CPU.Build.0 = Debug|Any CPU
		{7CDE9333-5585-471C-9566-222AC5053F37}.Release|Any CPU.ActiveCfg = Release|Any CPU
		{7CDE9333-5585-471C-9566-222AC5053F37}.Release|Any CPU.Build.0 = Release|Any CPU
		{0E8D7FDF-68E1-4C9A-BEDC-5228EF254EF7}.Debug|Any CPU.ActiveCfg = Debug|Any CPU
		{0E8D7FDF-68E1-4C9A-BEDC-5228EF254EF7}.Debug|Any CPU.Build.0 = Debug|Any CPU
		{0E8D7FDF-68E1-4C9A-BEDC-5228EF254EF7}.Release|Any CPU.ActiveCfg = Release|Any CPU
		{0E8D7FDF-68E1-4C9A-BEDC-5228EF254EF7}.Release|Any CPU.Build.0 = Release|Any CPU
		{62CE25E4-2970-4A43-B020-BE15235604E9}.Debug|Any CPU.ActiveCfg = Debug|Any CPU
		{62CE25E4-2970-4A43-B020-BE15235604E9}.Debug|Any CPU.Build.0 = Debug|Any CPU
		{62CE25E4-2970-4A43-B020-BE15235604E9}.Release|Any CPU.ActiveCfg = Release|Any CPU
		{62CE25E4-2970-4A43-B020-BE15235604E9}.Release|Any CPU.Build.0 = Release|Any CPU
		{992BD4FD-B6C0-4000-9A0A-16033C32211A}.Debug|Any CPU.ActiveCfg = Debug|Any CPU
		{992BD4FD-B6C0-4000-9A0A-16033C32211A}.Debug|Any CPU.Build.0 = Debug|Any CPU
		{992BD4FD-B6C0-4000-9A0A-16033C32211A}.Release|Any CPU.ActiveCfg = Release|Any CPU
		{992BD4FD-B6C0-4000-9A0A-16033C32211A}.Release|Any CPU.Build.0 = Release|Any CPU
		{5703EF06-8F62-4D34-8179-A54DC0C4CF0F}.Debug|Any CPU.ActiveCfg = Debug|Any CPU
		{5703EF06-8F62-4D34-8179-A54DC0C4CF0F}.Debug|Any CPU.Build.0 = Debug|Any CPU
		{5703EF06-8F62-4D34-8179-A54DC0C4CF0F}.Release|Any CPU.ActiveCfg = Release|Any CPU
		{5703EF06-8F62-4D34-8179-A54DC0C4CF0F}.Release|Any CPU.Build.0 = Release|Any CPU
		{2192DDCE-2E0C-4900-985E-B8881CB75219}.Debug|Any CPU.ActiveCfg = Debug|Any CPU
		{2192DDCE-2E0C-4900-985E-B8881CB75219}.Debug|Any CPU.Build.0 = Debug|Any CPU
		{2192DDCE-2E0C-4900-985E-B8881CB75219}.Release|Any CPU.ActiveCfg = Release|Any CPU
		{2192DDCE-2E0C-4900-985E-B8881CB75219}.Release|Any CPU.Build.0 = Release|Any CPU
		{7A133D64-2F66-4524-AA11-17B931DA82D0}.Debug|Any CPU.ActiveCfg = Debug|Any CPU
		{7A133D64-2F66-4524-AA11-17B931DA82D0}.Debug|Any CPU.Build.0 = Debug|Any CPU
		{7A133D64-2F66-4524-AA11-17B931DA82D0}.Release|Any CPU.ActiveCfg = Release|Any CPU
		{7A133D64-2F66-4524-AA11-17B931DA82D0}.Release|Any CPU.Build.0 = Release|Any CPU
		{00A6E640-9377-4E64-B72A-7897C208C014}.Debug|Any CPU.ActiveCfg = Debug|Any CPU
		{00A6E640-9377-4E64-B72A-7897C208C014}.Debug|Any CPU.Build.0 = Debug|Any CPU
		{00A6E640-9377-4E64-B72A-7897C208C014}.Release|Any CPU.ActiveCfg = Release|Any CPU
		{00A6E640-9377-4E64-B72A-7897C208C014}.Release|Any CPU.Build.0 = Release|Any CPU
		{84D3F147-7CA7-4023-8739-3F2E76849668}.Debug|Any CPU.ActiveCfg = Debug|Any CPU
		{84D3F147-7CA7-4023-8739-3F2E76849668}.Debug|Any CPU.Build.0 = Debug|Any CPU
		{84D3F147-7CA7-4023-8739-3F2E76849668}.Release|Any CPU.ActiveCfg = Release|Any CPU
		{84D3F147-7CA7-4023-8739-3F2E76849668}.Release|Any CPU.Build.0 = Release|Any CPU
		{F5336216-78C6-4137-95DB-BD1696D2FC5B}.Debug|Any CPU.ActiveCfg = Debug|Any CPU
		{F5336216-78C6-4137-95DB-BD1696D2FC5B}.Debug|Any CPU.Build.0 = Debug|Any CPU
		{F5336216-78C6-4137-95DB-BD1696D2FC5B}.Release|Any CPU.ActiveCfg = Release|Any CPU
		{F5336216-78C6-4137-95DB-BD1696D2FC5B}.Release|Any CPU.Build.0 = Release|Any CPU
		{D7C38764-7AF8-45F0-ADA2-5F2579342039}.Debug|Any CPU.ActiveCfg = Debug|Any CPU
		{D7C38764-7AF8-45F0-ADA2-5F2579342039}.Debug|Any CPU.Build.0 = Debug|Any CPU
		{D7C38764-7AF8-45F0-ADA2-5F2579342039}.Release|Any CPU.ActiveCfg = Release|Any CPU
		{D7C38764-7AF8-45F0-ADA2-5F2579342039}.Release|Any CPU.Build.0 = Release|Any CPU
		{AF57D7A4-301B-499D-A3EC-E8CE9030848A}.Debug|Any CPU.ActiveCfg = Debug|Any CPU
		{AF57D7A4-301B-499D-A3EC-E8CE9030848A}.Debug|Any CPU.Build.0 = Debug|Any CPU
		{AF57D7A4-301B-499D-A3EC-E8CE9030848A}.Release|Any CPU.ActiveCfg = Release|Any CPU
		{AF57D7A4-301B-499D-A3EC-E8CE9030848A}.Release|Any CPU.Build.0 = Release|Any CPU
	EndGlobalSection
	GlobalSection(SolutionProperties) = preSolution
		HideSolutionNode = FALSE
	EndGlobalSection
	GlobalSection(NestedProjects) = preSolution
		{7418C06D-B630-4468-A6D8-00DE77738774} = {AFD81FA1-54A9-40FE-B1C2-B366AAD6772F}
		{1D82A5CD-3ECF-42FA-B79A-601C3EF515E4} = {7418C06D-B630-4468-A6D8-00DE77738774}
		{01905ACE-471B-49FB-86C8-914D4CB91191} = {7418C06D-B630-4468-A6D8-00DE77738774}
		{64863A00-E823-4A24-921C-23BEBE30B70C} = {7418C06D-B630-4468-A6D8-00DE77738774}
		{9D144275-5F8C-434D-A096-6659FCB21553} = {7418C06D-B630-4468-A6D8-00DE77738774}
		{C4A95807-56DD-4827-9B29-2DF44B71646E} = {AFD81FA1-54A9-40FE-B1C2-B366AAD6772F}
		{B82450D0-70DC-40FC-85C1-4057E91F0684} = {C4A95807-56DD-4827-9B29-2DF44B71646E}
		{B6584EBA-3813-4223-9705-372C74D2E7CF} = {C4A95807-56DD-4827-9B29-2DF44B71646E}
		{640330E4-9D2F-4FC4-AAC3-014688B25BDF} = {C4A95807-56DD-4827-9B29-2DF44B71646E}
		{9DA698B0-AF74-49A5-8B6E-5A810ABA6DCB} = {C4A95807-56DD-4827-9B29-2DF44B71646E}
		{2D48E9E1-6EC1-425C-95BE-C3D74FC0074D} = {EE7B01C8-BD5B-40F9-B4BE-93B62C8136AC}
		{41ACA53C-3692-4FF7-A15D-4F4FDEA62F3E} = {AFD81FA1-54A9-40FE-B1C2-B366AAD6772F}
		{8C5983AA-811D-4EA8-A55F-E1E956E16946} = {41ACA53C-3692-4FF7-A15D-4F4FDEA62F3E}
		{942E349B-6401-441B-8CBE-DCCEB1238EF5} = {AFD81FA1-54A9-40FE-B1C2-B366AAD6772F}
		{7CDE9333-5585-471C-9566-222AC5053F37} = {942E349B-6401-441B-8CBE-DCCEB1238EF5}
		{0E8D7FDF-68E1-4C9A-BEDC-5228EF254EF7} = {EE7B01C8-BD5B-40F9-B4BE-93B62C8136AC}
		{9DE631C8-DCF1-494C-9EEA-7F1D87B2B226} = {AFD81FA1-54A9-40FE-B1C2-B366AAD6772F}
		{62CE25E4-2970-4A43-B020-BE15235604E9} = {9DE631C8-DCF1-494C-9EEA-7F1D87B2B226}
		{D85BD0F9-E429-41D3-B540-0CA086FAAF59} = {AFD81FA1-54A9-40FE-B1C2-B366AAD6772F}
		{992BD4FD-B6C0-4000-9A0A-16033C32211A} = {D85BD0F9-E429-41D3-B540-0CA086FAAF59}
		{5703EF06-8F62-4D34-8179-A54DC0C4CF0F} = {D85BD0F9-E429-41D3-B540-0CA086FAAF59}
		{2192DDCE-2E0C-4900-985E-B8881CB75219} = {D85BD0F9-E429-41D3-B540-0CA086FAAF59}
		{7A133D64-2F66-4524-AA11-17B931DA82D0} = {D85BD0F9-E429-41D3-B540-0CA086FAAF59}
		{00A6E640-9377-4E64-B72A-7897C208C014} = {9DE631C8-DCF1-494C-9EEA-7F1D87B2B226}
		{84D3F147-7CA7-4023-8739-3F2E76849668} = {9DE631C8-DCF1-494C-9EEA-7F1D87B2B226}
		{F5336216-78C6-4137-95DB-BD1696D2FC5B} = {9DE631C8-DCF1-494C-9EEA-7F1D87B2B226}
		{D7C38764-7AF8-45F0-ADA2-5F2579342039} = {461D24B2-9A39-4FA4-A46E-378C20DA9AFF}
		{AF57D7A4-301B-499D-A3EC-E8CE9030848A} = {461D24B2-9A39-4FA4-A46E-378C20DA9AFF}
	EndGlobalSection
	GlobalSection(ExtensibilityGlobals) = postSolution
		SolutionGuid = {C021E576-8D5F-4E16-9295-6EFE0708CA62}
	EndGlobalSection
EndGlobal
